# THIS IS AN AUTOGENERATED FILE. DO NOT EDIT THIS FILE DIRECTLY.
# yarn lockfile v1


csv-generate@^3.4.3:
  version "3.4.3"
  resolved "https://registry.yarnpkg.com/csv-generate/-/csv-generate-3.4.3.tgz#bc42d943b45aea52afa896874291da4b9108ffff"
  integrity sha512-w/T+rqR0vwvHqWs/1ZyMDWtHHSJaN06klRqJXBEpDJaM/+dZkso0OKh1VcuuYvK3XM53KysVNq8Ko/epCK8wOw==

csv-parse@^4.16.3:
  version "4.16.3"
  resolved "https://registry.yarnpkg.com/csv-parse/-/csv-parse-4.16.3.tgz#7ca624d517212ebc520a36873c3478fa66efbaf7"
  integrity sha512-cO1I/zmz4w2dcKHVvpCr7JVRu8/FymG5OEpmvsZYlccYolPBLoVGKUHgNoc4ZGkFeFlWGEDmMyBM+TTqRdW/wg==

csv-stringify@^5.6.5:
  version "5.6.5"
  resolved "https://registry.yarnpkg.com/csv-stringify/-/csv-stringify-5.6.5.tgz#c6d74badda4b49a79bf4e72f91cce1e33b94de00"
  integrity sha512-PjiQ659aQ+fUTQqSrd1XEDnOr52jh30RBurfzkscaE2tPaFsDH5wOAHJiw8XAHphRknCwMUE9KRayc4K/NbO8A==

csv@^5.5.3:
  version "5.5.3"
  resolved "https://registry.yarnpkg.com/csv/-/csv-5.5.3.tgz#cd26c1e45eae00ce6a9b7b27dcb94955ec95207d"
  integrity sha512-QTaY0XjjhTQOdguARF0lGKm5/mEq9PD9/VhZZegHDIBq2tQwgNpHc3dneD4mGo2iJs+fTKv5Bp0fZ+BRuY3Z0g==
  dependencies:
    csv-generate "^3.4.3"
    csv-parse "^4.16.3"
    csv-stringify "^5.6.5"
    stream-transform "^2.1.3"

kindle-citation-extractor@^0.1.3:
  version "0.1.3"
  resolved "https://registry.yarnpkg.com/kindle-citation-extractor/-/kindle-citation-extractor-0.1.3.tgz#d70af40c674eaf7d2838e289a2da82b5889ee05c"
  integrity sha512-0+keL4K5zl7rlALPIBZ/nUHzVM3JmCLQzKYCCaIIA6OVgUFAS4gFmTzgin0qyQuFeVTH5QthVPNAAhBtJiC51A==

mixme@^0.5.1:
  version "0.5.2"
  resolved "https://registry.yarnpkg.com/mixme/-/mixme-0.5.2.tgz#33c7e21d8e9b73abc2711c5197ae6c93f65fe0e4"
  integrity sha512-fzzuzXSqp14Mk2eZK15yqcJHwNlLtg+EliQBO/ihYfZed9WUuDHR9ZuEUqQDD8FcW/742y0JGq8xBfL9fNsWZw==

moment@^2.29.1:
  version "2.29.1"
  resolved "https://registry.yarnpkg.com/moment/-/moment-2.29.1.tgz#b2be769fa31940be9eeea6469c075e35006fa3d3"
  integrity sha512-kHmoybcPV8Sqy59DwNDY3Jefr64lK/by/da0ViFcuA4DH0vQg5Q6Ze5VimxkfQNSC+Mls/Kx53s7TjP1RhFEDQ==

stream-transform@^2.1.3:
  version "2.1.3"
  resolved "https://registry.yarnpkg.com/stream-transform/-/stream-transform-2.1.3.tgz#a1c3ecd72ddbf500aa8d342b0b9df38f5aa598e3"
  integrity sha512-9GHUiM5hMiCi6Y03jD2ARC1ettBXkQBoQAe7nJsPknnI0ow10aXjTnew8QtYQmLjzn974BnmWEAJgCY6ZP1DeQ==
  dependencies:
    mixme "^0.5.1"
